
Microsoft Visual Studio Solution File, Format Version 12.00
# Visual Studio Version 17
VisualStudioVersion = 17.3.32922.545
MinimumVisualStudioVersion = 10.0.40219.1
Project("{FAE04EC0-301F-11D3-BF4B-00C04F79EFBC}") = "XYZUniversity", "XYZUniversity\XYZUniversity.csproj", "{DB963BB5-FA70-4764-8A28-7F99A5271EEB}"
EndProject
Global
	GlobalSection(SolutionConfigurationPlatforms) = preSolution
		Debug|Any CPU = Debug|Any CPU
		Release|Any CPU = Release|Any CPU
	EndGlobalSection
	GlobalSection(ProjectConfigurationPlatforms) = postSolution
		{DB963BB5-FA70-4764-8A28-7F99A5271EEB}.Debug|Any CPU.ActiveCfg = Debug|Any CPU
		{DB963BB5-FA70-4764-8A28-7F99A5271EEB}.Debug|Any CPU.Build.0 = Debug|Any CPU
		{DB963BB5-FA70-4764-8A28-7F99A5271EEB}.Release|Any CPU.ActiveCfg = Release|Any CPU
		{DB963BB5-FA70-4764-8A28-7F99A5271EEB}.Release|Any CPU.Build.0 = Release|Any CPU
	EndGlobalSection
	GlobalSection(SolutionProperties) = preSolution
		HideSolutionNode = FALSE
	EndGlobalSection
	GlobalSection(ExtensibilityGlobals) = postSolution
		SolutionGuid = {6218E7B2-315D-4BC2-AB61-8E99091CF549}
	EndGlobalSection
EndGlobal
